
Microsoft Visual Studio Solution File, Format Version 12.00
# Visual Studio Version 16
VisualStudioVersion = 16.0.29728.190
MinimumVisualStudioVersion = 10.0.40219.1
Project("{FAE04EC0-301F-11D3-BF4B-00C04F79EFBC}") = "EjemploEliminar", "EjemploEliminar\EjemploEliminar.csproj", "{4943E4EB-8735-4106-9948-B0599F5F3BFC}"
EndProject
Global
	GlobalSection(SolutionConfigurationPlatforms) = preSolution
		Debug|Any CPU = Debug|Any CPU
		Release|Any CPU = Release|Any CPU
	EndGlobalSection
	GlobalSection(ProjectConfigurationPlatforms) = postSolution
		{4943E4EB-8735-4106-9948-B0599F5F3BFC}.Debug|Any CPU.ActiveCfg = Debug|Any CPU
		{4943E4EB-8735-4106-9948-B0599F5F3BFC}.Debug|Any CPU.Build.0 = Debug|Any CPU
		{4943E4EB-8735-4106-9948-B0599F5F3BFC}.Release|Any CPU.ActiveCfg = Release|Any CPU
		{4943E4EB-8735-4106-9948-B0599F5F3BFC}.Release|Any CPU.Build.0 = Release|Any CPU
	EndGlobalSection
	GlobalSection(SolutionProperties) = preSolution
		HideSolutionNode = FALSE
	EndGlobalSection
	GlobalSection(ExtensibilityGlobals) = postSolution
		SolutionGuid = {18D3C0A7-B768-4CCE-B07A-2CEEE7E68A52}
	EndGlobalSection
EndGlobal
